
Microsoft Visual Studio Solution File, Format Version 12.00
# Visual Studio Version 17
VisualStudioVersion = 17.11.35222.181
MinimumVisualStudioVersion = 10.0.40219.1
Project("{FAE04EC0-301F-11D3-BF4B-00C04F79EFBC}") = "CRUDModal2", "CRUDModal2\CRUDModal2.csproj", "{DCA64C2F-57BE-4231-B621-DCCA9DC99715}"
EndProject
Global
	GlobalSection(SolutionConfigurationPlatforms) = preSolution
		Debug|Any CPU = Debug|Any CPU
		Release|Any CPU = Release|Any CPU
	EndGlobalSection
	GlobalSection(ProjectConfigurationPlatforms) = postSolution
		{DCA64C2F-57BE-4231-B621-DCCA9DC99715}.Debug|Any CPU.ActiveCfg = Debug|Any CPU
		{DCA64C2F-57BE-4231-B621-DCCA9DC99715}.Debug|Any CPU.Build.0 = Debug|Any CPU
		{DCA64C2F-57BE-4231-B621-DCCA9DC99715}.Release|Any CPU.ActiveCfg = Release|Any CPU
		{DCA64C2F-57BE-4231-B621-DCCA9DC99715}.Release|Any CPU.Build.0 = Release|Any CPU
	EndGlobalSection
	GlobalSection(SolutionProperties) = preSolution
		HideSolutionNode = FALSE
	EndGlobalSection
	GlobalSection(ExtensibilityGlobals) = postSolution
		SolutionGuid = {A5564427-2863-4C0F-A812-464276FBA299}
	EndGlobalSection
EndGlobal
